
Microsoft Visual Studio Solution File, Format Version 12.00
# Visual Studio Version 17
VisualStudioVersion = 17.9.34622.214
MinimumVisualStudioVersion = 10.0.40219.1
Project("{FAE04EC0-301F-11D3-BF4B-00C04F79EFBC}") = "EF.oefening.05.start", "EF.oefening.05.start\EF.oefening.05.start.csproj", "{02108B1F-996C-425C-8CEB-744807F953D5}"
EndProject
Global
	GlobalSection(SolutionConfigurationPlatforms) = preSolution
		Debug|Any CPU = Debug|Any CPU
		Release|Any CPU = Release|Any CPU
	EndGlobalSection
	GlobalSection(ProjectConfigurationPlatforms) = postSolution
		{02108B1F-996C-425C-8CEB-744807F953D5}.Debug|Any CPU.ActiveCfg = Debug|Any CPU
		{02108B1F-996C-425C-8CEB-744807F953D5}.Debug|Any CPU.Build.0 = Debug|Any CPU
		{02108B1F-996C-425C-8CEB-744807F953D5}.Release|Any CPU.ActiveCfg = Release|Any CPU
		{02108B1F-996C-425C-8CEB-744807F953D5}.Release|Any CPU.Build.0 = Release|Any CPU
	EndGlobalSection
	GlobalSection(SolutionProperties) = preSolution
		HideSolutionNode = FALSE
	EndGlobalSection
	GlobalSection(ExtensibilityGlobals) = postSolution
		SolutionGuid = {262B70BF-8A28-4773-8A92-360BFFDCD4DB}
	EndGlobalSection
EndGlobal
